
Microsoft Visual Studio Solution File, Format Version 12.00
# Visual Studio Version 17
VisualStudioVersion = 17.7.34221.43
MinimumVisualStudioVersion = 10.0.40219.1
Project("{8BC9CEB8-8B4A-11D0-8D11-00A0C91BC942}") = "Sandbox", "Sandbox\Sandbox.vcxproj", "{CCA22BFA-A1EF-4A70-A568-B15BD40C57C9}"
EndProject
Project("{8BC9CEB8-8B4A-11D0-8D11-00A0C91BC942}") = "Hazel", "Hazel\Hazel.vcxproj", "{CE7873FB-D855-4B3C-8297-0F88F5C892A9}"
EndProject
Global
	GlobalSection(SolutionConfigurationPlatforms) = preSolution
		Debug|x64 = Debug|x64
		Release|x64 = Release|x64
	EndGlobalSection
	GlobalSection(ProjectConfigurationPlatforms) = postSolution
		{CE7873FB-D855-4B3C-8297-0F88F5C892A9}.Debug|x64.ActiveCfg = Debug|x64
		{CE7873FB-D855-4B3C-8297-0F88F5C892A9}.Debug|x64.Build.0 = Debug|x64
		{CE7873FB-D855-4B3C-8297-0F88F5C892A9}.Release|x64.ActiveCfg = Release|x64
		{CE7873FB-D855-4B3C-8297-0F88F5C892A9}.Release|x64.Build.0 = Release|x64
		{CCA22BFA-A1EF-4A70-A568-B15BD40C57C9}.Debug|x64.ActiveCfg = Debug|x64
		{CCA22BFA-A1EF-4A70-A568-B15BD40C57C9}.Debug|x64.Build.0 = Debug|x64
		{CCA22BFA-A1EF-4A70-A568-B15BD40C57C9}.Release|x64.ActiveCfg = Release|x64
		{CCA22BFA-A1EF-4A70-A568-B15BD40C57C9}.Release|x64.Build.0 = Release|x64
	EndGlobalSection
	GlobalSection(SolutionProperties) = preSolution
		HideSolutionNode = FALSE
	EndGlobalSection
	GlobalSection(ExtensibilityGlobals) = postSolution
		SolutionGuid = {C7844A44-BD7E-49EB-AE69-8AAB574A38AC}
	EndGlobalSection
EndGlobal
